<?xml version="1.0" encoding="utf-8"?>
<Project ToolsVersion="4.0" xmlns="http://schemas.microsoft.com/developer/msbuild/2003">
  <ItemGroup>
    <Filter Include="源文件">
      <UniqueIdentifier>{4FC737F1-C7A5-4376-A066-2A32D752A2FF}</UniqueIdentifier>
      <Extensions>cpp;c;cc;cxx;def;odl;idl;hpj;bat;asm;asmx</Extensions>
    </Filter>
    <Filter Include="头文件">
      <UniqueIdentifier>{93995380-89BD-4b04-88EB-625FBE52EBFB}</UniqueIdentifier>
      <Extensions>h;hh;hpp;hxx;hm;inl;inc;xsd</Extensions>
    </Filter>
    <Filter Include="资源文件">
      <UniqueIdentifier>{67DA6AB6-F800-4c08-8B7A-83BB121AAD01}</UniqueIdentifier>
      <Extensions>rc;ico;cur;bmp;dlg;rc2;rct;bin;rgs;gif;jpg;jpeg;jpe;resx;tiff;tif;png;wav;mfcribbon-ms</Extensions>
    </Filter>
    <Filter Include="lua">
      <UniqueIdentifier>{97d054e1-7fd1-4f27-b9f6-1c193004c7ed}</UniqueIdentifier>
    </Filter>
    <Filter Include="luatinker">
      <UniqueIdentifier>{e93ef5ee-1ece-4c32-8e59-64f15d920ba8}</UniqueIdentifier>
    </Filter>
    <Filter Include="net">
      <UniqueIdentifier>{0d837de7-4b7e-441a-9ac4-bc91b8fc8a1c}</UniqueIdentifier>
    </Filter>
    <Filter Include="utils">
      <UniqueIdentifier>{a757ea78-064c-40d6-b506-99c4a04b102d}</UniqueIdentifier>
    </Filter>
    <Filter Include="common">
      <UniqueIdentifier>{19252712-0c27-4d8d-9f98-5fb0d2dc183b}</UniqueIdentifier>
    </Filter>
  </ItemGroup>
  <ItemGroup>
    <ClCompile Include="..\3rdparty\lua-5.1.4\src\lapi.c">
      <Filter>lua</Filter>
    </ClCompile>
    <ClCompile Include="..\3rdparty\lua-5.1.4\src\lauxlib.c">
      <Filter>lua</Filter>
    </ClCompile>
    <ClCompile Include="..\3rdparty\lua-5.1.4\src\lbaselib.c">
      <Filter>lua</Filter>
    </ClCompile>
    <ClCompile Include="..\3rdparty\lua-5.1.4\src\lcode.c">
      <Filter>lua</Filter>
    </ClCompile>
    <ClCompile Include="..\3rdparty\lua-5.1.4\src\ldblib.c">
      <Filter>lua</Filter>
    </ClCompile>
    <ClCompile Include="..\3rdparty\lua-5.1.4\src\ldebug.c">
      <Filter>lua</Filter>
    </ClCompile>
    <ClCompile Include="..\3rdparty\lua-5.1.4\src\ldo.c">
      <Filter>lua</Filter>
    </ClCompile>
    <ClCompile Include="..\3rdparty\lua-5.1.4\src\ldump.c">
      <Filter>lua</Filter>
    </ClCompile>
    <ClCompile Include="..\3rdparty\lua-5.1.4\src\lfunc.c">
      <Filter>lua</Filter>
    </ClCompile>
    <ClCompile Include="..\3rdparty\lua-5.1.4\src\lgc.c">
      <Filter>lua</Filter>
    </ClCompile>
    <ClCompile Include="..\3rdparty\lua-5.1.4\src\linit.c">
      <Filter>lua</Filter>
    </ClCompile>
    <ClCompile Include="..\3rdparty\lua-5.1.4\src\liolib.c">
      <Filter>lua</Filter>
    </ClCompile>
    <ClCompile Include="..\3rdparty\lua-5.1.4\src\llex.c">
      <Filter>lua</Filter>
    </ClCompile>
    <ClCompile Include="..\3rdparty\lua-5.1.4\src\lmathlib.c">
      <Filter>lua</Filter>
    </ClCompile>
    <ClCompile Include="..\3rdparty\lua-5.1.4\src\lmem.c">
      <Filter>lua</Filter>
    </ClCompile>
    <ClCompile Include="..\3rdparty\lua-5.1.4\src\loadlib.c">
      <Filter>lua</Filter>
    </ClCompile>
    <ClCompile Include="..\3rdparty\lua-5.1.4\src\lobject.c">
      <Filter>lua</Filter>
    </ClCompile>
    <ClCompile Include="..\3rdparty\lua-5.1.4\src\lopcodes.c">
      <Filter>lua</Filter>
    </ClCompile>
    <ClCompile Include="..\3rdparty\lua-5.1.4\src\loslib.c">
      <Filter>lua</Filter>
    </ClCompile>
    <ClCompile Include="..\3rdparty\lua-5.1.4\src\lparser.c">
      <Filter>lua</Filter>
    </ClCompile>
    <ClCompile Include="..\3rdparty\lua-5.1.4\src\lstate.c">
      <Filter>lua</Filter>
    </ClCompile>
    <ClCompile Include="..\3rdparty\lua-5.1.4\src\lstring.c">
      <Filter>lua</Filter>
    </ClCompile>
    <ClCompile Include="..\3rdparty\lua-5.1.4\src\lstrlib.c">
      <Filter>lua</Filter>
    </ClCompile>
    <ClCompile Include="..\3rdparty\lua-5.1.4\src\ltable.c">
      <Filter>lua</Filter>
    </ClCompile>
    <ClCompile Include="..\3rdparty\lua-5.1.4\src\ltablib.c">
      <Filter>lua</Filter>
    </ClCompile>
    <ClCompile Include="..\3rdparty\lua-5.1.4\src\ltm.c">
      <Filter>lua</Filter>
    </ClCompile>
    <ClCompile Include="..\3rdparty\lua-5.1.4\src\lundump.c">
      <Filter>lua</Filter>
    </ClCompile>
    <ClCompile Include="..\3rdparty\lua-5.1.4\src\lvm.c">
      <Filter>lua</Filter>
    </ClCompile>
    <ClCompile Include="..\3rdparty\lua-5.1.4\src\lzio.c">
      <Filter>lua</Filter>
    </ClCompile>
    <ClCompile Include="..\3rdparty\lua-5.1.4\src\print.c">
      <Filter>lua</Filter>
    </ClCompile>
    <ClCompile Include="..\src\SimulatePlayer\SimulateClient.cpp">
      <Filter>源文件</Filter>
    </ClCompile>
    <ClCompile Include="..\3rdparty\lua_tinker\lua_readtable.cpp">
      <Filter>luatinker</Filter>
    </ClCompile>
    <ClCompile Include="..\3rdparty\lua_tinker\lua_tinker.cpp">
      <Filter>luatinker</Filter>
    </ClCompile>
    <ClCompile Include="..\src\Common\UsePacketExtNetSession.cpp">
      <Filter>net</Filter>
    </ClCompile>
    <ClCompile Include="..\src\Common\UsePacketSingleNetSession.cpp">
      <Filter>net</Filter>
    </ClCompile>
    <ClCompile Include="..\3rdparty\accumulation-dev\src\net\CurrentThread.cpp">
      <Filter>net</Filter>
    </ClCompile>
    <ClCompile Include="..\3rdparty\accumulation-dev\src\net\DataSocket.cpp">
      <Filter>net</Filter>
    </ClCompile>
    <ClCompile Include="..\3rdparty\accumulation-dev\src\net\EventLoop.cpp">
      <Filter>net</Filter>
    </ClCompile>
    <ClCompile Include="..\3rdparty\accumulation-dev\src\net\NetSession.cpp">
      <Filter>net</Filter>
    </ClCompile>
    <ClCompile Include="..\3rdparty\accumulation-dev\src\net\SocketLibFunction.c">
      <Filter>net</Filter>
    </ClCompile>
    <ClCompile Include="..\3rdparty\accumulation-dev\src\net\TCPService.cpp">
      <Filter>net</Filter>
    </ClCompile>
    <ClCompile Include="..\3rdparty\accumulation-dev\src\net\WrapTCPService.cpp">
      <Filter>net</Filter>
    </ClCompile>
    <ClCompile Include="..\3rdparty\accumulation-dev\src\utils\ox_file.cpp">
      <Filter>utils</Filter>
    </ClCompile>
    <ClCompile Include="..\3rdparty\accumulation-dev\src\utils\app_status.c">
      <Filter>utils</Filter>
    </ClCompile>
    <ClCompile Include="..\3rdparty\accumulation-dev\src\utils\buffer.c">
      <Filter>utils</Filter>
    </ClCompile>
    <ClCompile Include="..\3rdparty\accumulation-dev\src\timer\timer.cpp">
      <Filter>utils</Filter>
    </ClCompile>
    <ClCompile Include="..\3rdparty\accumulation-dev\src\utils\systemlib.c">
      <Filter>utils</Filter>
    </ClCompile>
    <ClCompile Include="..\3rdparty\accumulation-dev\src\utils\SHA1.cpp">
      <Filter>utils</Filter>
    </ClCompile>
    <ClCompile Include="..\3rdparty\accumulation-dev\src\utils\base64.cpp">
      <Filter>utils</Filter>
    </ClCompile>
    <ClCompile Include="..\src\Common\NetThreadSession.cpp">
      <Filter>common</Filter>
    </ClCompile>
  </ItemGroup>
  <ItemGroup>
    <ClInclude Include="..\3rdparty\lua-5.1.4\src\lapi.h">
      <Filter>lua</Filter>
    </ClInclude>
    <ClInclude Include="..\3rdparty\lua-5.1.4\src\lauxlib.h">
      <Filter>lua</Filter>
    </ClInclude>
    <ClInclude Include="..\3rdparty\lua-5.1.4\src\lcode.h">
      <Filter>lua</Filter>
    </ClInclude>
    <ClInclude Include="..\3rdparty\lua-5.1.4\src\ldebug.h">
      <Filter>lua</Filter>
    </ClInclude>
    <ClInclude Include="..\3rdparty\lua-5.1.4\src\ldo.h">
      <Filter>lua</Filter>
    </ClInclude>
    <ClInclude Include="..\3rdparty\lua-5.1.4\src\lfunc.h">
      <Filter>lua</Filter>
    </ClInclude>
    <ClInclude Include="..\3rdparty\lua-5.1.4\src\lgc.h">
      <Filter>lua</Filter>
    </ClInclude>
    <ClInclude Include="..\3rdparty\lua-5.1.4\src\llex.h">
      <Filter>lua</Filter>
    </ClInclude>
    <ClInclude Include="..\3rdparty\lua-5.1.4\src\llimits.h">
      <Filter>lua</Filter>
    </ClInclude>
    <ClInclude Include="..\3rdparty\lua-5.1.4\src\lmem.h">
      <Filter>lua</Filter>
    </ClInclude>
    <ClInclude Include="..\3rdparty\lua-5.1.4\src\lobject.h">
      <Filter>lua</Filter>
    </ClInclude>
    <ClInclude Include="..\3rdparty\lua-5.1.4\src\lopcodes.h">
      <Filter>lua</Filter>
    </ClInclude>
    <ClInclude Include="..\3rdparty\lua-5.1.4\src\lparser.h">
      <Filter>lua</Filter>
    </ClInclude>
    <ClInclude Include="..\3rdparty\lua-5.1.4\src\lstate.h">
      <Filter>lua</Filter>
    </ClInclude>
    <ClInclude Include="..\3rdparty\lua-5.1.4\src\lstring.h">
      <Filter>lua</Filter>
    </ClInclude>
    <ClInclude Include="..\3rdparty\lua-5.1.4\src\ltable.h">
      <Filter>lua</Filter>
    </ClInclude>
    <ClInclude Include="..\3rdparty\lua-5.1.4\src\ltm.h">
      <Filter>lua</Filter>
    </ClInclude>
    <ClInclude Include="..\3rdparty\lua-5.1.4\src\lua.h">
      <Filter>lua</Filter>
    </ClInclude>
    <ClInclude Include="..\3rdparty\lua-5.1.4\src\luaconf.h">
      <Filter>lua</Filter>
    </ClInclude>
    <ClInclude Include="..\3rdparty\lua-5.1.4\src\lualib.h">
      <Filter>lua</Filter>
    </ClInclude>
    <ClInclude Include="..\3rdparty\lua-5.1.4\src\lundump.h">
      <Filter>lua</Filter>
    </ClInclude>
    <ClInclude Include="..\3rdparty\lua-5.1.4\src\lvm.h">
      <Filter>lua</Filter>
    </ClInclude>
    <ClInclude Include="..\3rdparty\lua-5.1.4\src\lzio.h">
      <Filter>lua</Filter>
    </ClInclude>
    <ClInclude Include="..\3rdparty\lua_tinker\lua_readtable.h">
      <Filter>luatinker</Filter>
    </ClInclude>
    <ClInclude Include="..\3rdparty\lua_tinker\lua_tinker.h">
      <Filter>luatinker</Filter>
    </ClInclude>
    <ClInclude Include="..\src\Common\UsePacketExtNetSession.h">
      <Filter>net</Filter>
    </ClInclude>
    <ClInclude Include="..\src\Common\UsePacketSingleNetSession.h">
      <Filter>net</Filter>
    </ClInclude>
    <ClInclude Include="..\3rdparty\accumulation-dev\src\net\Channel.h">
      <Filter>net</Filter>
    </ClInclude>
    <ClInclude Include="..\3rdparty\accumulation-dev\src\net\CurrentThread.h">
      <Filter>net</Filter>
    </ClInclude>
    <ClInclude Include="..\3rdparty\accumulation-dev\src\net\DataSocket.h">
      <Filter>net</Filter>
    </ClInclude>
    <ClInclude Include="..\3rdparty\accumulation-dev\src\net\EventLoop.h">
      <Filter>net</Filter>
    </ClInclude>
    <ClInclude Include="..\3rdparty\accumulation-dev\src\net\NetSession.h">
      <Filter>net</Filter>
    </ClInclude>
    <ClInclude Include="..\3rdparty\accumulation-dev\src\net\Platform.h">
      <Filter>net</Filter>
    </ClInclude>
    <ClInclude Include="..\3rdparty\accumulation-dev\src\net\SocketLibFunction.h">
      <Filter>net</Filter>
    </ClInclude>
    <ClInclude Include="..\3rdparty\accumulation-dev\src\net\SocketLibTypes.h">
      <Filter>net</Filter>
    </ClInclude>
    <ClInclude Include="..\3rdparty\accumulation-dev\src\net\TCPService.h">
      <Filter>net</Filter>
    </ClInclude>
    <ClInclude Include="..\3rdparty\accumulation-dev\src\net\WrapTCPService.h">
      <Filter>net</Filter>
    </ClInclude>
    <ClInclude Include="..\3rdparty\accumulation-dev\src\utils\buffer.h">
      <Filter>utils</Filter>
    </ClInclude>
    <ClInclude Include="..\3rdparty\accumulation-dev\src\utils\ox_file.h">
      <Filter>utils</Filter>
    </ClInclude>
    <ClInclude Include="..\3rdparty\accumulation-dev\src\utils\app_status.h">
      <Filter>utils</Filter>
    </ClInclude>
    <ClInclude Include="..\3rdparty\accumulation-dev\src\utils\packet.h">
      <Filter>utils</Filter>
    </ClInclude>
    <ClInclude Include="..\3rdparty\accumulation-dev\src\timer\timer.h">
      <Filter>utils</Filter>
    </ClInclude>
    <ClInclude Include="..\3rdparty\accumulation-dev\src\utils\systemlib.h">
      <Filter>utils</Filter>
    </ClInclude>
    <ClInclude Include="..\3rdparty\accumulation-dev\src\utils\SHA1.h">
      <Filter>utils</Filter>
    </ClInclude>
    <ClInclude Include="..\3rdparty\accumulation-dev\src\utils\base64.h">
      <Filter>utils</Filter>
    </ClInclude>
  </ItemGroup>
</Project>