<?xml version="1.0" encoding="utf-8"?>
<Project ToolsVersion="4.0" xmlns="http://schemas.microsoft.com/developer/msbuild/2003">
  <ItemGroup>
    <Filter Include="源文件">
      <UniqueIdentifier>{4FC737F1-C7A5-4376-A066-2A32D752A2FF}</UniqueIdentifier>
      <Extensions>cpp;c;cc;cxx;def;odl;idl;hpj;bat;asm;asmx</Extensions>
    </Filter>
    <Filter Include="头文件">
      <UniqueIdentifier>{93995380-89BD-4b04-88EB-625FBE52EBFB}</UniqueIdentifier>
      <Extensions>h;hh;hpp;hxx;hm;inl;inc;xsd</Extensions>
    </Filter>
    <Filter Include="资源文件">
      <UniqueIdentifier>{67DA6AB6-F800-4c08-8B7A-83BB121AAD01}</UniqueIdentifier>
      <Extensions>rc;ico;cur;bmp;dlg;rc2;rct;bin;rgs;gif;jpg;jpeg;jpe;resx;tiff;tif;png;wav;mfcribbon-ms</Extensions>
    </Filter>
    <Filter Include="net">
      <UniqueIdentifier>{7142ab19-690d-4595-9e18-0fa3476fdd59}</UniqueIdentifier>
    </Filter>
    <Filter Include="utils">
      <UniqueIdentifier>{5d49d447-3047-4152-976f-2c4a1bf3d0e3}</UniqueIdentifier>
    </Filter>
    <Filter Include="http">
      <UniqueIdentifier>{c1744af7-d513-41f0-b6bb-c05664e7dcb2}</UniqueIdentifier>
    </Filter>
    <Filter Include="common">
      <UniqueIdentifier>{5d279a42-99b7-4f31-8fca-ef21393ba976}</UniqueIdentifier>
    </Filter>
    <Filter Include="config">
      <UniqueIdentifier>{ea7ab80a-c7e0-45c5-b419-644c938304e8}</UniqueIdentifier>
    </Filter>
  </ItemGroup>
  <ItemGroup>
    <ClCompile Include="..\src\WSConnectionServer\ConnectionServer.cpp">
      <Filter>源文件</Filter>
    </ClCompile>
    <ClCompile Include="..\src\WSConnectionServer\LogicServerSession.cpp">
      <Filter>源文件</Filter>
    </ClCompile>
    <ClCompile Include="..\src\WSConnectionServer\ClientSession.cpp">
      <Filter>源文件</Filter>
    </ClCompile>
    <ClCompile Include="..\src\Common\UsePacketExtNetSession.cpp">
      <Filter>net</Filter>
    </ClCompile>
    <ClCompile Include="..\src\Common\UsePacketSingleNetSession.cpp">
      <Filter>net</Filter>
    </ClCompile>
    <ClCompile Include="..\3rdparty\accumulation-dev\src\net\CurrentThread.cpp">
      <Filter>net</Filter>
    </ClCompile>
    <ClCompile Include="..\3rdparty\accumulation-dev\src\net\DataSocket.cpp">
      <Filter>net</Filter>
    </ClCompile>
    <ClCompile Include="..\3rdparty\accumulation-dev\src\net\EventLoop.cpp">
      <Filter>net</Filter>
    </ClCompile>
    <ClCompile Include="..\3rdparty\accumulation-dev\src\net\NetSession.cpp">
      <Filter>net</Filter>
    </ClCompile>
    <ClCompile Include="..\3rdparty\accumulation-dev\src\net\SocketLibFunction.c">
      <Filter>net</Filter>
    </ClCompile>
    <ClCompile Include="..\3rdparty\accumulation-dev\src\net\TCPService.cpp">
      <Filter>net</Filter>
    </ClCompile>
    <ClCompile Include="..\3rdparty\accumulation-dev\src\net\WrapTCPService.cpp">
      <Filter>net</Filter>
    </ClCompile>
    <ClCompile Include="..\3rdparty\accumulation-dev\src\utils\ox_file.cpp">
      <Filter>utils</Filter>
    </ClCompile>
    <ClCompile Include="..\3rdparty\accumulation-dev\src\utils\app_status.c">
      <Filter>utils</Filter>
    </ClCompile>
    <ClCompile Include="..\3rdparty\accumulation-dev\src\utils\buffer.c">
      <Filter>utils</Filter>
    </ClCompile>
    <ClCompile Include="..\3rdparty\accumulation-dev\src\timer\timer.cpp">
      <Filter>utils</Filter>
    </ClCompile>
    <ClCompile Include="..\3rdparty\accumulation-dev\src\utils\systemlib.c">
      <Filter>utils</Filter>
    </ClCompile>
    <ClCompile Include="..\3rdparty\accumulation-dev\src\net\http\http_parser.c">
      <Filter>http</Filter>
    </ClCompile>
    <ClCompile Include="..\3rdparty\accumulation-dev\src\net\http\HttpParser.cpp">
      <Filter>http</Filter>
    </ClCompile>
    <ClCompile Include="..\3rdparty\accumulation-dev\src\net\http\HttpServer.cpp">
      <Filter>http</Filter>
    </ClCompile>
    <ClCompile Include="..\3rdparty\accumulation-dev\src\utils\SHA1.cpp">
      <Filter>utils</Filter>
    </ClCompile>
    <ClCompile Include="..\3rdparty\accumulation-dev\src\utils\base64.cpp">
      <Filter>utils</Filter>
    </ClCompile>
    <ClCompile Include="..\src\Common\NetThreadSession.cpp">
      <Filter>common</Filter>
    </ClCompile>
    <ClCompile Include="..\ServerConfig\ServerConfig.pb.cc">
      <Filter>config</Filter>
    </ClCompile>
    <ClCompile Include="..\src\WSConnectionServer\ClientSessionMgr.cpp">
      <Filter>源文件</Filter>
    </ClCompile>
    <ClCompile Include="..\src\WSConnectionServer\LogicServerSessionMgr.cpp">
      <Filter>源文件</Filter>
    </ClCompile>
    <ClCompile Include="..\src\WSConnectionServer\proto\LogicServerWithConnectionServer.pb.cc">
      <Filter>源文件</Filter>
    </ClCompile>
    <ClCompile Include="..\src\WSConnectionServer\UseCellnetSingleNetSession.cpp">
      <Filter>源文件</Filter>
    </ClCompile>
    <ClCompile Include="..\src\WSConnectionServer\UseWebPacketSingleNetSession.cpp">
      <Filter>源文件</Filter>
    </ClCompile>
  </ItemGroup>
  <ItemGroup>
    <ClInclude Include="..\src\WSConnectionServer\LogicServerSession.h">
      <Filter>头文件</Filter>
    </ClInclude>
    <ClInclude Include="..\src\WSConnectionServer\ClientSession.h">
      <Filter>头文件</Filter>
    </ClInclude>
    <ClInclude Include="..\src\Common\UsePacketExtNetSession.h">
      <Filter>net</Filter>
    </ClInclude>
    <ClInclude Include="..\src\Common\UsePacketSingleNetSession.h">
      <Filter>net</Filter>
    </ClInclude>
    <ClInclude Include="..\3rdparty\accumulation-dev\src\net\Channel.h">
      <Filter>net</Filter>
    </ClInclude>
    <ClInclude Include="..\3rdparty\accumulation-dev\src\net\CurrentThread.h">
      <Filter>net</Filter>
    </ClInclude>
    <ClInclude Include="..\3rdparty\accumulation-dev\src\net\DataSocket.h">
      <Filter>net</Filter>
    </ClInclude>
    <ClInclude Include="..\3rdparty\accumulation-dev\src\net\EventLoop.h">
      <Filter>net</Filter>
    </ClInclude>
    <ClInclude Include="..\3rdparty\accumulation-dev\src\net\NetSession.h">
      <Filter>net</Filter>
    </ClInclude>
    <ClInclude Include="..\3rdparty\accumulation-dev\src\net\Platform.h">
      <Filter>net</Filter>
    </ClInclude>
    <ClInclude Include="..\3rdparty\accumulation-dev\src\net\SocketLibFunction.h">
      <Filter>net</Filter>
    </ClInclude>
    <ClInclude Include="..\3rdparty\accumulation-dev\src\net\SocketLibTypes.h">
      <Filter>net</Filter>
    </ClInclude>
    <ClInclude Include="..\3rdparty\accumulation-dev\src\net\TCPService.h">
      <Filter>net</Filter>
    </ClInclude>
    <ClInclude Include="..\3rdparty\accumulation-dev\src\net\WrapTCPService.h">
      <Filter>net</Filter>
    </ClInclude>
    <ClInclude Include="..\3rdparty\accumulation-dev\src\utils\buffer.h">
      <Filter>utils</Filter>
    </ClInclude>
    <ClInclude Include="..\3rdparty\accumulation-dev\src\utils\ox_file.h">
      <Filter>utils</Filter>
    </ClInclude>
    <ClInclude Include="..\3rdparty\accumulation-dev\src\utils\app_status.h">
      <Filter>utils</Filter>
    </ClInclude>
    <ClInclude Include="..\3rdparty\accumulation-dev\src\utils\packet.h">
      <Filter>utils</Filter>
    </ClInclude>
    <ClInclude Include="..\3rdparty\accumulation-dev\src\timer\timer.h">
      <Filter>utils</Filter>
    </ClInclude>
    <ClInclude Include="..\3rdparty\accumulation-dev\src\utils\systemlib.h">
      <Filter>utils</Filter>
    </ClInclude>
    <ClInclude Include="..\3rdparty\accumulation-dev\src\net\http\http_parser.h">
      <Filter>http</Filter>
    </ClInclude>
    <ClInclude Include="..\3rdparty\accumulation-dev\src\net\http\HttpFormat.h">
      <Filter>http</Filter>
    </ClInclude>
    <ClInclude Include="..\3rdparty\accumulation-dev\src\net\http\HttpParser.h">
      <Filter>http</Filter>
    </ClInclude>
    <ClInclude Include="..\3rdparty\accumulation-dev\src\net\http\HttpServer.h">
      <Filter>http</Filter>
    </ClInclude>
    <ClInclude Include="..\3rdparty\accumulation-dev\src\net\http\WebSocketFormat.h">
      <Filter>http</Filter>
    </ClInclude>
    <ClInclude Include="..\3rdparty\accumulation-dev\src\utils\SHA1.h">
      <Filter>utils</Filter>
    </ClInclude>
    <ClInclude Include="..\3rdparty\accumulation-dev\src\utils\base64.h">
      <Filter>utils</Filter>
    </ClInclude>
    <ClInclude Include="..\src\Common\NetThreadSession.h">
      <Filter>common</Filter>
    </ClInclude>
    <ClInclude Include="..\ServerConfig\ServerConfig.pb.h">
      <Filter>config</Filter>
    </ClInclude>
    <ClInclude Include="..\src\WSConnectionServer\ClientSessionMgr.h">
      <Filter>头文件</Filter>
    </ClInclude>
    <ClInclude Include="..\src\WSConnectionServer\LogicServerSessionMgr.h">
      <Filter>头文件</Filter>
    </ClInclude>
    <ClInclude Include="..\src\WSConnectionServer\proto\LogicServerWithConnectionServer.pb.h">
      <Filter>头文件</Filter>
    </ClInclude>
    <ClInclude Include="..\src\WSConnectionServer\UseCellnetSingleNetSession.h">
      <Filter>头文件</Filter>
    </ClInclude>
    <ClInclude Include="..\src\WSConnectionServer\UseWebPacketSingleNetSession.h">
      <Filter>头文件</Filter>
    </ClInclude>
  </ItemGroup>
</Project>